
Microsoft Visual Studio Solution File, Format Version 12.00
# Visual Studio Version 16
VisualStudioVersion = 16.0.34114.132
MinimumVisualStudioVersion = 10.0.40219.1
Project("{FAE04EC0-301F-11D3-BF4B-00C04F79EFBC}") = "MinhaApi", "MinhaApi.csproj", "{2DD27B45-CE63-4137-9C2A-8DB3AF17E7E7}"
EndProject
Global
	GlobalSection(SolutionConfigurationPlatforms) = preSolution
		Debug|Any CPU = Debug|Any CPU
		Release|Any CPU = Release|Any CPU
	EndGlobalSection
	GlobalSection(ProjectConfigurationPlatforms) = postSolution
		{2DD27B45-CE63-4137-9C2A-8DB3AF17E7E7}.Debug|Any CPU.ActiveCfg = Debug|Any CPU
		{2DD27B45-CE63-4137-9C2A-8DB3AF17E7E7}.Debug|Any CPU.Build.0 = Debug|Any CPU
		{2DD27B45-CE63-4137-9C2A-8DB3AF17E7E7}.Release|Any CPU.ActiveCfg = Release|Any CPU
		{2DD27B45-CE63-4137-9C2A-8DB3AF17E7E7}.Release|Any CPU.Build.0 = Release|Any CPU
	EndGlobalSection
	GlobalSection(SolutionProperties) = preSolution
		HideSolutionNode = FALSE
	EndGlobalSection
	GlobalSection(ExtensibilityGlobals) = postSolution
		SolutionGuid = {3E9F0BE9-9CC0-427A-9335-E4496DB33DCD}
	EndGlobalSection
EndGlobal
